github.com/MicahParks/keyfunc v0.3.2 h1:pv+bvbuLLhwBImjhOnk3CjK2uNyPnF0CbxlZPJiFHBs=
github.com/MicahParks/keyfunc v0.3.2/go.mod h1:9gVJUF41JO0J6argCFDhvP7dgpa/vG+nWK3jnxlQSMU=
github.com/dgrijalva/jwt-go v3.2.0+incompatible h1:7qlOGliEKZXTDg6OTjfoBKDXWrumCAMpl/TFQ4/5kLM=
github.com/dgrijalva/jwt-go v3.2.0+incompatible/go.mod h1:E3ru+11k8xSBh+hMPgOLZmtrrCbhqsmaPHjLKYnJCaQ=
